
Microsoft Visual Studio Solution File, Format Version 12.00
# Visual Studio 2013
VisualStudioVersion = 12.0.31101.0
MinimumVisualStudioVersion = 10.0.40219.1
Project("{FAE04EC0-301F-11D3-BF4B-00C04F79EFBC}") = "ConsoleApplication1", "ConsoleApplication1\ConsoleApplication1.csproj", "{BCE0952E-D177-4579-BC86-9FC290177339}"
EndProject
Project("{F088123C-0E9E-452A-89E6-6BA2F21D5CAC}") = "Sokaban", "Sokaban\Sokaban.modelproj", "{1A8770BC-6104-4F54-86E5-5D2A6C8EBE0F}"
EndProject
Project("{FAE04EC0-301F-11D3-BF4B-00C04F79EFBC}") = "SokabanLib", "SokabanLib\SokabanLib.csproj", "{8FF6DF79-0A92-43B3-A79E-6C88F9C571B1}"
EndProject
Global
	GlobalSection(SolutionConfigurationPlatforms) = preSolution
		Debug|Any CPU = Debug|Any CPU
		Release|Any CPU = Release|Any CPU
	EndGlobalSection
	GlobalSection(ProjectConfigurationPlatforms) = postSolution
		{BCE0952E-D177-4579-BC86-9FC290177339}.Debug|Any CPU.ActiveCfg = Debug|Any CPU
		{BCE0952E-D177-4579-BC86-9FC290177339}.Debug|Any CPU.Build.0 = Debug|Any CPU
		{BCE0952E-D177-4579-BC86-9FC290177339}.Release|Any CPU.ActiveCfg = Release|Any CPU
		{BCE0952E-D177-4579-BC86-9FC290177339}.Release|Any CPU.Build.0 = Release|Any CPU
		{1A8770BC-6104-4F54-86E5-5D2A6C8EBE0F}.Debug|Any CPU.ActiveCfg = Debug|Any CPU
		{1A8770BC-6104-4F54-86E5-5D2A6C8EBE0F}.Debug|Any CPU.Build.0 = Debug|Any CPU
		{1A8770BC-6104-4F54-86E5-5D2A6C8EBE0F}.Release|Any CPU.ActiveCfg = Release|Any CPU
		{1A8770BC-6104-4F54-86E5-5D2A6C8EBE0F}.Release|Any CPU.Build.0 = Release|Any CPU
		{8FF6DF79-0A92-43B3-A79E-6C88F9C571B1}.Debug|Any CPU.ActiveCfg = Debug|Any CPU
		{8FF6DF79-0A92-43B3-A79E-6C88F9C571B1}.Debug|Any CPU.Build.0 = Debug|Any CPU
		{8FF6DF79-0A92-43B3-A79E-6C88F9C571B1}.Release|Any CPU.ActiveCfg = Release|Any CPU
		{8FF6DF79-0A92-43B3-A79E-6C88F9C571B1}.Release|Any CPU.Build.0 = Release|Any CPU
	EndGlobalSection
	GlobalSection(SolutionProperties) = preSolution
		HideSolutionNode = FALSE
	EndGlobalSection
EndGlobal
